// !$*UTF8*$!
{
	archiveVersion = 1;
	classes = {
	};
	objectVersion = 77;
	objects = {

/* Begin PBXContainerItemProxy section */
		F45C7C09300A01A3008CD241 /* PBXContainerItemProxy */ = {
			isa = PBXContainerItemProxy;
			containerPortal = F45C7BF0300A01A2008CD241 /* Project object */;
			proxyType = 1;
			remoteGlobalIDString = F45C7BF7300A01A2008CD241;
			remoteInfo = TrafficLightsPlus;
		};
		F45C7C13300A01A3008CD241 /* PBXContainerItemProxy */ = {
			isa = PBXContainerItemProxy;
			containerPortal = F45C7BF0300A01A2008CD241 /* Project object */;
			proxyType = 1;
			remoteGlobalIDString = F45C7BF7300A01A2008CD241;
			remoteInfo = TrafficLightsPlus;
		};
/* End PBXContainerItemProxy section */

/* Begin PBXFileReference section */
		F45C7BF8300A01A2008CD241 /* Traffic Lights Plus.app */ = {isa = PBXFileReference; explicitFileType = wrapper.application; includeInIndex = 0; path = "Traffic Lights Plus.app"; sourceTree = BUILT_PRODUCTS_DIR; };
		F45C7C08300A01A3008CD241 /* TrafficLightsPlusTests.xctest */ = {isa = PBXFileReference; explicitFileType = wrapper.cfbundle; includeInIndex = 0; path = TrafficLightsPlusTests.xctest; sourceTree = BUILT_PRODUCTS_DIR; };
		F45C7C12300A01A3008CD241 /* TrafficLightsPlusUITests.xctest */ = {isa = PBXFileReference; explicitFileType = wrapper.cfbundle; includeInIndex = 0; path = TrafficLightsPlusUITests.xctest; sourceTree = BUILT_PRODUCTS_DIR; };
/* End PBXFileReference section */

/* Begin PBXFileSystemSynchronizedBuildFileExceptionSet section */
		A1B2C3D4E5F60718293A4B5C /* Exceptions for "TrafficLightsPlus" folder in "TrafficLightsPlus" target */ = {
			isa = PBXFileSystemSynchronizedBuildFileExceptionSet;
			membershipExceptions = (
				Info.plist,
			);
			target = F45C7BF7300A01A2008CD241 /* TrafficLightsPlus */;
		};
/* End PBXFileSystemSynchronizedBuildFileExceptionSet section */

/* Begin PBXFileSystemSynchronizedRootGroup section */
		F45C7BFA300A01A2008CD241 /* TrafficLightsPlus */ = {
			isa = PBXFileSystemSynchronizedRootGroup;
			exceptions = (
				A1B2C3D4E5F60718293A4B5C /* Exceptions for "TrafficLightsPlus" folder in "TrafficLightsPlus" target */,
			);
			path = TrafficLightsPlus;
			sourceTree = "<group>";
		};
		F45C7C0B300A01A3008CD241 /* TrafficLightsPlusTests */ = {
			isa = PBXFileSystemSynchronizedRootGroup;
			path = TrafficLightsPlusTests;
			sourceTree = "<group>";
		};
		F45C7C15300A01A3008CD241 /* TrafficLightsPlusUITests */ = {
			isa = PBXFileSystemSynchronizedRootGroup;
			path = TrafficLightsPlusUITests;
			sourceTree = "<group>";
		};
/* End PBXFileSystemSynchronizedRootGroup section */

/* Begin PBXFrameworksBuildPhase section */
		F45C7BF5300A01A2008CD241 /* Frameworks */ = {
			isa = PBXFrameworksBuildPhase;
			buildActionMask = 2147483647;
			files = (
			);
			runOnlyForDeploymentPostprocessing = 0;
		};
		F45C7C05300A01A3008CD241 /* Frameworks */ = {
			isa = PBXFrameworksBuildPhase;
			buildActionMask = 2147483647;
			files = (
			);
			runOnlyForDeploymentPostprocessing = 0;
		};
		F45C7C0F300A01A3008CD241 /* Frameworks */ = {
			isa = PBXFrameworksBuildPhase;
			buildActionMask = 2147483647;
			files = (
			);
			runOnlyForDeploymentPostprocessing = 0;
		};
/* End PBXFrameworksBuildPhase section */

/* Begin PBXGroup section */
		F45C7BEF300A01A2008CD241 = {
			isa = PBXGroup;
			children = (
				F45C7BFA300A01A2008CD241 /* TrafficLightsPlus */,
				F45C7C0B300A01A3008CD241 /* TrafficLightsPlusTests */,
				F45C7C15300A01A3008CD241 /* TrafficLightsPlusUITests */,
				F45C7BF9300A01A2008CD241 /* Products */,
			);
			sourceTree = "<group>";
		};
		F45C7BF9300A01A2008CD241 /* Products */ = {
			isa = PBXGroup;
			children = (
				F45C7BF8300A01A2008CD241 /* Traffic Lights Plus.app */,
				F45C7C08300A01A3008CD241 /* TrafficLightsPlusTests.xctest */,
				F45C7C12300A01A3008CD241 /* TrafficLightsPlusUITests.xctest */,
			);
			name = Products;
			sourceTree = "<group>";
		};
/* End PBXGroup section */

/* Begin PBXNativeTarget section */
		F45C7BF7300A01A2008CD241 /* TrafficLightsPlus */ = {
			isa = PBXNativeTarget;
			buildConfigurationList = F45C7C1C300A01A3008CD241 /* Build configuration list for PBXNativeTarget "TrafficLightsPlus" */;
			buildPhases = (
				F45C7BF4300A01A2008CD241 /* Sources */,
				F45C7BF5300A01A2008CD241 /* Frameworks */,
				F45C7BF6300A01A2008CD241 /* Resources */,
			);
			buildRules = (
			);
			dependencies = (
			);
			fileSystemSynchronizedGroups = (
				F45C7BFA300A01A2008CD241 /* TrafficLightsPlus */,
			);
			name = TrafficLightsPlus;
			packageProductDependencies = (
			);
			productName = TrafficLightsPlus;
			productReference = F45C7BF8300A01A2008CD241 /* Traffic Lights Plus.app */;
			productType = "com.apple.product-type.application";
		};
		F45C7C07300A01A3008CD241 /* TrafficLightsPlusTests */ = {
			isa = PBXNativeTarget;
			buildConfigurationList = F45C7C1F300A01A3008CD241 /* Build configuration list for PBXNativeTarget "TrafficLightsPlusTests" */;
			buildPhases = (
				F45C7C04300A01A3008CD241 /* Sources */,
				F45C7C05300A01A3008CD241 /* Frameworks */,
				F45C7C06300A01A3008CD241 /* Resources */,
			);
			buildRules = (
			);
			dependencies = (
				F45C7C0A300A01A3008CD241 /* PBXTargetDependency */,
			);
			fileSystemSynchronizedGroups = (
				F45C7C0B300A01A3008CD241 /* TrafficLightsPlusTests */,
			);
			name = TrafficLightsPlusTests;
			packageProductDependencies = (
			);
			productName = TrafficLightsPlusTests;
			productReference = F45C7C08300A01A3008CD241 /* TrafficLightsPlusTests.xctest */;
			productType = "com.apple.product-type.bundle.unit-test";
		};
		F45C7C11300A01A3008CD241 /* TrafficLightsPlusUITests */ = {
			isa = PBXNativeTarget;
			buildConfigurationList = F45C7C22300A01A3008CD241 /* Build configuration list for PBXNativeTarget "TrafficLightsPlusUITests" */;
			buildPhases = (
				F45C7C0E300A01A3008CD241 /* Sources */,
				F45C7C0F300A01A3008CD241 /* Frameworks */,
				F45C7C10300A01A3008CD241 /* Resources */,
			);
			buildRules = (
			);
			dependencies = (
				F45C7C14300A01A3008CD241 /* PBXTargetDependency */,
			);
			fileSystemSynchronizedGroups = (
				F45C7C15300A01A3008CD241 /* TrafficLightsPlusUITests */,
			);
			name = TrafficLightsPlusUITests;
			packageProductDependencies = (
			);
			productName = TrafficLightsPlusUITests;
			productReference = F45C7C12300A01A3008CD241 /* TrafficLightsPlusUITests.xctest */;
			productType = "com.apple.product-type.bundle.ui-testing";
		};
/* End PBXNativeTarget section */

/* Begin PBXProject section */
		F45C7BF0300A01A2008CD241 /* Project object */ = {
			isa = PBXProject;
			attributes = {
				BuildIndependentTargetsInParallel = 1;
				LastSwiftUpdateCheck = 2660;
				LastUpgradeCheck = 2660;
				TargetAttributes = {
					F45C7BF7300A01A2008CD241 = {
						CreatedOnToolsVersion = 26.6;
					};
					F45C7C07300A01A3008CD241 = {
						CreatedOnToolsVersion = 26.6;
						TestTargetID = F45C7BF7300A01A2008CD241;
					};
					F45C7C11300A01A3008CD241 = {
						CreatedOnToolsVersion = 26.6;
						TestTargetID = F45C7BF7300A01A2008CD241;
					};
				};
			};
			buildConfigurationList = F45C7BF3300A01A2008CD241 /* Build configuration list for PBXProject "TrafficLightsPlus" */;
			developmentRegion = en;
			hasScannedForEncodings = 0;
			knownRegions = (
				en,
				"zh-Hans",
				Base,
			);
			mainGroup = F45C7BEF300A01A2008CD241;
			minimizedProjectReferenceProxies = 1;
			preferredProjectObjectVersion = 77;
			productRefGroup = F45C7BF9300A01A2008CD241 /* Products */;
			projectDirPath = "";
			projectRoot = "";
			targets = (
				F45C7BF7300A01A2008CD241 /* TrafficLightsPlus */,
				F45C7C07300A01A3008CD241 /* TrafficLightsPlusTests */,
				F45C7C11300A01A3008CD241 /* TrafficLightsPlusUITests */,
			);
		};
/* End PBXProject section */

/* Begin PBXResourcesBuildPhase section */
		F45C7BF6300A01A2008CD241 /* Resources */ = {
			isa = PBXResourcesBuildPhase;
			buildActionMask = 2147483647;
			files = (
			);
			runOnlyForDeploymentPostprocessing = 0;
		};
		F45C7C06300A01A3008CD241 /* Resources */ = {
			isa = PBXResourcesBuildPhase;
			buildActionMask = 2147483647;
			files = (
			);
			runOnlyForDeploymentPostprocessing = 0;
		};
		F45C7C10300A01A3008CD241 /* Resources */ = {
			isa = PBXResourcesBuildPhase;
			buildActionMask = 2147483647;
			files = (
			);
			runOnlyForDeploymentPostprocessing = 0;
		};
/* End PBXResourcesBuildPhase section */

/* Begin PBXSourcesBuildPhase section */
		F45C7BF4300A01A2008CD241 /* Sources */ = {
			isa = PBXSourcesBuildPhase;
			buildActionMask = 2147483647;
			files = (
			);
			runOnlyForDeploymentPostprocessing = 0;
		};
		F45C7C04300A01A3008CD241 /* Sources */ = {
			isa = PBXSourcesBuildPhase;
			buildActionMask = 2147483647;
			files = (
			);
			runOnlyForDeploymentPostprocessing = 0;
		};
		F45C7C0E300A01A3008CD241 /* Sources */ = {
			isa = PBXSourcesBuildPhase;
			buildActionMask = 2147483647;
			files = (
			);
			runOnlyForDeploymentPostprocessing = 0;
		};
/* End PBXSourcesBuildPhase section */

/* Begin PBXTargetDependency section */
		F45C7C0A300A01A3008CD241 /* PBXTargetDependency */ = {
			isa = PBXTargetDependency;
			target = F45C7BF7300A01A2008CD241 /* TrafficLightsPlus */;
			targetProxy = F45C7C09300A01A3008CD241 /* PBXContainerItemProxy */;
		};
		F45C7C14300A01A3008CD241 /* PBXTargetDependency */ = {
			isa = PBXTargetDependency;
			target = F45C7BF7300A01A2008CD241 /* TrafficLightsPlus */;
			targetProxy = F45C7C13300A01A3008CD241 /* PBXContainerItemProxy */;
		};
/* End PBXTargetDependency section */

/* Begin XCBuildConfiguration section */
		F45C7C1A300A01A3008CD241 /* Debug */ = {
			isa = XCBuildConfiguration;
			buildSettings = {
				ALWAYS_SEARCH_USER_PATHS = NO;
				ASSETCATALOG_COMPILER_GENERATE_SWIFT_ASSET_SYMBOL_EXTENSIONS = YES;
				CLANG_ANALYZER_NONNULL = YES;
				CLANG_ANALYZER_NUMBER_OBJECT_CONVERSION = YES_AGGRESSIVE;
				CLANG_CXX_LANGUAGE_STANDARD = "gnu++20";
				CLANG_ENABLE_MODULES = YES;
				CLANG_ENABLE_OBJC_ARC = YES;
				CLANG_ENABLE_OBJC_WEAK = YES;
				CLANG_WARN_BLOCK_CAPTURE_AUTORELEASING = YES;
				CLANG_WARN_BOOL_CONVERSION = YES;
				CLANG_WARN_COMMA = YES;
				CLANG_WARN_CONSTANT_CONVERSION = YES;
				CLANG_WARN_DEPRECATED_OBJC_IMPLEMENTATIONS = YES;
				CLANG_WARN_DIRECT_OBJC_ISA_USAGE = YES_ERROR;
				CLANG_WARN_DOCUMENTATION_COMMENTS = YES;
				CLANG_WARN_EMPTY_BODY = YES;
				CLANG_WARN_ENUM_CONVERSION = YES;
				CLANG_WARN_INFINITE_RECURSION = YES;
				CLANG_WARN_INT_CONVERSION = YES;
				CLANG_WARN_NON_LITERAL_NULL_CONVERSION = YES;
				CLANG_WARN_OBJC_IMPLICIT_RETAIN_SELF = YES;
				CLANG_WARN_OBJC_LITERAL_CONVERSION = YES;
				CLANG_WARN_OBJC_ROOT_CLASS = YES_ERROR;
				CLANG_WARN_QUOTED_INCLUDE_IN_FRAMEWORK_HEADER = YES;
				CLANG_WARN_RANGE_LOOP_ANALYSIS = YES;
				CLANG_WARN_STRICT_PROTOTYPES = YES;
				CLANG_WARN_SUSPICIOUS_MOVE = YES;
				CLANG_WARN_UNGUARDED_AVAILABILITY = YES_AGGRESSIVE;
				CLANG_WARN_UNREACHABLE_CODE = YES;
				CLANG_WARN__DUPLICATE_METHOD_MATCH = YES;
				COPY_PHASE_STRIP = NO;
				DEBUG_INFORMATION_FORMAT = dwarf;
				ENABLE_STRICT_OBJC_MSGSEND = YES;
				ENABLE_TESTABILITY = YES;
				ENABLE_USER_SCRIPT_SANDBOXING = YES;
				GCC_C_LANGUAGE_STANDARD = gnu17;
				GCC_DYNAMIC_NO_PIC = NO;
				GCC_NO_COMMON_BLOCKS = YES;
				GCC_OPTIMIZATION_LEVEL = 0;
				GCC_PREPROCESSOR_DEFINITIONS = (
					"DEBUG=1",
					"$(inherited)",
				);
				GCC_WARN_64_TO_32_BIT_CONVERSION = YES;
				GCC_WARN_ABOUT_RETURN_TYPE = YES_ERROR;
				GCC_WARN_UNDECLARED_SELECTOR = YES;
				GCC_WARN_UNINITIALIZED_AUTOS = YES_AGGRESSIVE;
				GCC_WARN_UNUSED_FUNCTION = YES;
				GCC_WARN_UNUSED_VARIABLE = YES;
				LOCALIZATION_PREFERS_STRING_CATALOGS = YES;
				MACOSX_DEPLOYMENT_TARGET = 26.5;
				MTL_ENABLE_DEBUG_INFO = INCLUDE_SOURCE;
				MTL_FAST_MATH = YES;
				ONLY_ACTIVE_ARCH = YES;
				SDKROOT = macosx;
				SWIFT_ACTIVE_COMPILATION_CONDITIONS = "DEBUG $(inherited)";
				SWIFT_OPTIMIZATION_LEVEL = "-Onone";
			};
			name = Debug;
		};
		F45C7C1B300A01A3008CD241 /* Release */ = {
			isa = XCBuildConfiguration;
			buildSettings = {
				ALWAYS_SEARCH_USER_PATHS = NO;
				ASSETCATALOG_COMPILER_GENERATE_SWIFT_ASSET_SYMBOL_EXTENSIONS = YES;
				CLANG_ANALYZER_NONNULL = YES;
				CLANG_ANALYZER_NUMBER_OBJECT_CONVERSION = YES_AGGRESSIVE;
				CLANG_CXX_LANGUAGE_STANDARD = "gnu++20";
				CLANG_ENABLE_MODULES = YES;
				CLANG_ENABLE_OBJC_ARC = YES;
				CLANG_ENABLE_OBJC_WEAK = YES;
				CLANG_WARN_BLOCK_CAPTURE_AUTORELEASING = YES;
				CLANG_WARN_BOOL_CONVERSION = YES;
				CLANG_WARN_COMMA = YES;
				CLANG_WARN_CONSTANT_CONVERSION = YES;
				CLANG_WARN_DEPRECATED_OBJC_IMPLEMENTATIONS = YES;
				CLANG_WARN_DIRECT_OBJC_ISA_USAGE = YES_ERROR;
				CLANG_WARN_DOCUMENTATION_COMMENTS = YES;
				CLANG_WARN_EMPTY_BODY = YES;
				CLANG_WARN_ENUM_CONVERSION = YES;
				CLANG_WARN_INFINITE_RECURSION = YES;
				CLANG_WARN_INT_CONVERSION = YES;
				CLANG_WARN_NON_LITERAL_NULL_CONVERSION = YES;
				CLANG_WARN_OBJC_IMPLICIT_RETAIN_SELF = YES;
				CLANG_WARN_OBJC_LITERAL_CONVERSION = YES;
				CLANG_WARN_OBJC_ROOT_CLASS = YES_ERROR;
				CLANG_WARN_QUOTED_INCLUDE_IN_FRAMEWORK_HEADER = YES;
				CLANG_WARN_RANGE_LOOP_ANALYSIS = YES;
				CLANG_WARN_STRICT_PROTOTYPES = YES;
				CLANG_WARN_SUSPICIOUS_MOVE = YES;
				CLANG_WARN_UNGUARDED_AVAILABILITY = YES_AGGRESSIVE;
				CLANG_WARN_UNREACHABLE_CODE = YES;
				CLANG_WARN__DUPLICATE_METHOD_MATCH = YES;
				COPY_PHASE_STRIP = NO;
				DEBUG_INFORMATION_FORMAT = "dwarf-with-dsym";
				ENABLE_NS_ASSERTIONS = NO;
				ENABLE_STRICT_OBJC_MSGSEND = YES;
				ENABLE_USER_SCRIPT_SANDBOXING = YES;
				GCC_C_LANGUAGE_STANDARD = gnu17;
				GCC_NO_COMMON_BLOCKS = YES;
				GCC_WARN_64_TO_32_BIT_CONVERSION = YES;
				GCC_WARN_ABOUT_RETURN_TYPE = YES_ERROR;
				GCC_WARN_UNDECLARED_SELECTOR = YES;
				GCC_WARN_UNINITIALIZED_AUTOS = YES_AGGRESSIVE;
				GCC_WARN_UNUSED_FUNCTION = YES;
				GCC_WARN_UNUSED_VARIABLE = YES;
				LOCALIZATION_PREFERS_STRING_CATALOGS = YES;
				MACOSX_DEPLOYMENT_TARGET = 26.5;
				MTL_ENABLE_DEBUG_INFO = NO;
				MTL_FAST_MATH = YES;
				SDKROOT = macosx;
				SWIFT_COMPILATION_MODE = wholemodule;
			};
			name = Release;
		};
		F45C7C1D300A01A3008CD241 /* Debug */ = {
			isa = XCBuildConfiguration;
			buildSettings = {
				ASSETCATALOG_COMPILER_APPICON_NAME = AppIcon;
				ASSETCATALOG_COMPILER_GLOBAL_ACCENT_COLOR_NAME = AccentColor;
				CODE_SIGN_STYLE = Automatic;
				COMBINE_HIDPI_IMAGES = YES;
				CURRENT_PROJECT_VERSION = 3;
				ENABLE_APP_SANDBOX = NO;
				ENABLE_USER_SELECTED_FILES = readonly;
				GENERATE_INFOPLIST_FILE = NO;
				INFOPLIST_FILE = TrafficLightsPlus/Info.plist;
				LD_RUNPATH_SEARCH_PATHS = (
					"$(inherited)",
					"@executable_path/../Frameworks",
				);
				MACOSX_DEPLOYMENT_TARGET = 13.5;
				MARKETING_VERSION = 1.1.0;
				PRODUCT_BUNDLE_IDENTIFIER = app.trafficlightsplus.mac;
				PRODUCT_MODULE_NAME = TrafficLightsPlus;
				PRODUCT_NAME = "Traffic Lights Plus";
				REGISTER_APP_GROUPS = YES;
				STRING_CATALOG_GENERATE_SYMBOLS = YES;
				SWIFT_APPROACHABLE_CONCURRENCY = YES;
				SWIFT_DEFAULT_ACTOR_ISOLATION = MainActor;
				SWIFT_EMIT_LOC_STRINGS = YES;
				SWIFT_UPCOMING_FEATURE_MEMBER_IMPORT_VISIBILITY = YES;
				SWIFT_VERSION = 5.0;
			};
			name = Debug;
		};
		F45C7C1E300A01A3008CD241 /* Release */ = {
			isa = XCBuildConfiguration;
			buildSettings = {
				ASSETCATALOG_COMPILER_APPICON_NAME = AppIcon;
				ASSETCATALOG_COMPILER_GLOBAL_ACCENT_COLOR_NAME = AccentColor;
				CODE_SIGN_STYLE = Automatic;
				COMBINE_HIDPI_IMAGES = YES;
				CURRENT_PROJECT_VERSION = 3;
				ENABLE_APP_SANDBOX = NO;
				ENABLE_USER_SELECTED_FILES = readonly;
				GENERATE_INFOPLIST_FILE = NO;
				INFOPLIST_FILE = TrafficLightsPlus/Info.plist;
				LD_RUNPATH_SEARCH_PATHS = (
					"$(inherited)",
					"@executable_path/../Frameworks",
				);
				MACOSX_DEPLOYMENT_TARGET = 13.5;
				MARKETING_VERSION = 1.1.0;
				PRODUCT_BUNDLE_IDENTIFIER = app.trafficlightsplus.mac;
				PRODUCT_MODULE_NAME = TrafficLightsPlus;
				PRODUCT_NAME = "Traffic Lights Plus";
				REGISTER_APP_GROUPS = YES;
				STRING_CATALOG_GENERATE_SYMBOLS = YES;
				SWIFT_APPROACHABLE_CONCURRENCY = YES;
				SWIFT_DEFAULT_ACTOR_ISOLATION = MainActor;
				SWIFT_EMIT_LOC_STRINGS = YES;
				SWIFT_UPCOMING_FEATURE_MEMBER_IMPORT_VISIBILITY = YES;
				SWIFT_VERSION = 5.0;
			};
			name = Release;
		};
		F45C7C20300A01A3008CD241 /* Debug */ = {
			isa = XCBuildConfiguration;
			buildSettings = {
				BUNDLE_LOADER = "$(TEST_HOST)";
				CODE_SIGN_STYLE = Automatic;
				CURRENT_PROJECT_VERSION = 1;
				GENERATE_INFOPLIST_FILE = YES;
				MACOSX_DEPLOYMENT_TARGET = 26.5;
				MARKETING_VERSION = 1.0;
				PRODUCT_BUNDLE_IDENTIFIER = app.trafficlightsplus.mac.TrafficLightsPlusTests;
				PRODUCT_NAME = "$(TARGET_NAME)";
				STRING_CATALOG_GENERATE_SYMBOLS = NO;
				SWIFT_APPROACHABLE_CONCURRENCY = YES;
				SWIFT_EMIT_LOC_STRINGS = NO;
				SWIFT_UPCOMING_FEATURE_MEMBER_IMPORT_VISIBILITY = YES;
				SWIFT_VERSION = 5.0;
				TEST_HOST = "$(BUILT_PRODUCTS_DIR)/Traffic Lights Plus.app/$(BUNDLE_EXECUTABLE_FOLDER_PATH)/Traffic Lights Plus";
			};
			name = Debug;
		};
		F45C7C21300A01A3008CD241 /* Release */ = {
			isa = XCBuildConfiguration;
			buildSettings = {
				BUNDLE_LOADER = "$(TEST_HOST)";
				CODE_SIGN_STYLE = Automatic;
				CURRENT_PROJECT_VERSION = 1;
				GENERATE_INFOPLIST_FILE = YES;
				MACOSX_DEPLOYMENT_TARGET = 26.5;
				MARKETING_VERSION = 1.0;
				PRODUCT_BUNDLE_IDENTIFIER = app.trafficlightsplus.mac.TrafficLightsPlusTests;
				PRODUCT_NAME = "$(TARGET_NAME)";
				STRING_CATALOG_GENERATE_SYMBOLS = NO;
				SWIFT_APPROACHABLE_CONCURRENCY = YES;
				SWIFT_EMIT_LOC_STRINGS = NO;
				SWIFT_UPCOMING_FEATURE_MEMBER_IMPORT_VISIBILITY = YES;
				SWIFT_VERSION = 5.0;
				TEST_HOST = "$(BUILT_PRODUCTS_DIR)/Traffic Lights Plus.app/$(BUNDLE_EXECUTABLE_FOLDER_PATH)/Traffic Lights Plus";
			};
			name = Release;
		};
		F45C7C23300A01A3008CD241 /* Debug */ = {
			isa = XCBuildConfiguration;
			buildSettings = {
				CODE_SIGN_STYLE = Automatic;
				CURRENT_PROJECT_VERSION = 1;
				GENERATE_INFOPLIST_FILE = YES;
				MARKETING_VERSION = 1.0;
				PRODUCT_BUNDLE_IDENTIFIER = app.trafficlightsplus.mac.TrafficLightsPlusUITests;
				PRODUCT_NAME = "$(TARGET_NAME)";
				STRING_CATALOG_GENERATE_SYMBOLS = NO;
				SWIFT_APPROACHABLE_CONCURRENCY = YES;
				SWIFT_EMIT_LOC_STRINGS = NO;
				SWIFT_UPCOMING_FEATURE_MEMBER_IMPORT_VISIBILITY = YES;
				SWIFT_VERSION = 5.0;
				TEST_TARGET_NAME = TrafficLightsPlus;
			};
			name = Debug;
		};
		F45C7C24300A01A3008CD241 /* Release */ = {
			isa = XCBuildConfiguration;
			buildSettings = {
				CODE_SIGN_STYLE = Automatic;
				CURRENT_PROJECT_VERSION = 1;
				GENERATE_INFOPLIST_FILE = YES;
				MARKETING_VERSION = 1.0;
				PRODUCT_BUNDLE_IDENTIFIER = app.trafficlightsplus.mac.TrafficLightsPlusUITests;
				PRODUCT_NAME = "$(TARGET_NAME)";
				STRING_CATALOG_GENERATE_SYMBOLS = NO;
				SWIFT_APPROACHABLE_CONCURRENCY = YES;
				SWIFT_EMIT_LOC_STRINGS = NO;
				SWIFT_UPCOMING_FEATURE_MEMBER_IMPORT_VISIBILITY = YES;
				SWIFT_VERSION = 5.0;
				TEST_TARGET_NAME = TrafficLightsPlus;
			};
			name = Release;
		};
/* End XCBuildConfiguration section */

/* Begin XCConfigurationList section */
		F45C7BF3300A01A2008CD241 /* Build configuration list for PBXProject "TrafficLightsPlus" */ = {
			isa = XCConfigurationList;
			buildConfigurations = (
				F45C7C1A300A01A3008CD241 /* Debug */,
				F45C7C1B300A01A3008CD241 /* Release */,
			);
			defaultConfigurationIsVisible = 0;
			defaultConfigurationName = Release;
		};
		F45C7C1C300A01A3008CD241 /* Build configuration list for PBXNativeTarget "TrafficLightsPlus" */ = {
			isa = XCConfigurationList;
			buildConfigurations = (
				F45C7C1D300A01A3008CD241 /* Debug */,
				F45C7C1E300A01A3008CD241 /* Release */,
			);
			defaultConfigurationIsVisible = 0;
			defaultConfigurationName = Release;
		};
		F45C7C1F300A01A3008CD241 /* Build configuration list for PBXNativeTarget "TrafficLightsPlusTests" */ = {
			isa = XCConfigurationList;
			buildConfigurations = (
				F45C7C20300A01A3008CD241 /* Debug */,
				F45C7C21300A01A3008CD241 /* Release */,
			);
			defaultConfigurationIsVisible = 0;
			defaultConfigurationName = Release;
		};
		F45C7C22300A01A3008CD241 /* Build configuration list for PBXNativeTarget "TrafficLightsPlusUITests" */ = {
			isa = XCConfigurationList;
			buildConfigurations = (
				F45C7C23300A01A3008CD241 /* Debug */,
				F45C7C24300A01A3008CD241 /* Release */,
			);
			defaultConfigurationIsVisible = 0;
			defaultConfigurationName = Release;
		};
/* End XCConfigurationList section */
	};
	rootObject = F45C7BF0300A01A2008CD241 /* Project object */;
}
